<?xml version="1.0" encoding="utf-8"?>
<Project ToolsVersion="16.0" xmlns="http://schemas.microsoft.com/developer/msbuild/2003">
  <ItemGroup>
    <CustomBuild Include="C:\Users\georg\Desktop\Git Repository\Git-Repository\Worksheet 4\calc_cmake\msvc_static\CMakeFiles\fd2ae82ef9bd4cc0bb4156c037849b2f\generate.stamp.rule">
      <Filter>CMake Rules</Filter>
    </CustomBuild>
  </ItemGroup>
  <ItemGroup>
    <Filter Include="CMake Rules">
      <UniqueIdentifier>{D513736D-A555-36B8-A2EE-59DD565402DD}</UniqueIdentifier>
    </Filter>
  </ItemGroup>
</Project>
