
Microsoft Visual Studio Solution File, Format Version 12.00
# Visual Studio Version 16
Project("{8BC9CEB8-8B4A-11D0-8D11-00A0C91BC942}") = "ALL_BUILD", "ALL_BUILD.vcxproj", "{A549404A-9FC1-3D7E-ABED-7228549A19C8}"
	ProjectSection(ProjectDependencies) = postProject
		{17179877-19F3-3712-AC80-8BA34E8A7F0D} = {17179877-19F3-3712-AC80-8BA34E8A7F0D}
		{4D10C004-87AD-37A5-B6F5-623166011A26} = {4D10C004-87AD-37A5-B6F5-623166011A26}
		{5B542EDA-AA99-35F0-A9BB-74D9BB571702} = {5B542EDA-AA99-35F0-A9BB-74D9BB571702}
		{70E6686A-19D6-314F-8657-034D80B252FE} = {70E6686A-19D6-314F-8657-034D80B252FE}
	EndProjectSection
EndProject
Project("{8BC9CEB8-8B4A-11D0-8D11-00A0C91BC942}") = "Continuous", "Continuous.vcxproj", "{FF2ECB42-FCE4-3C2C-8457-BFA2AF87527A}"
	ProjectSection(ProjectDependencies) = postProject
		{17179877-19F3-3712-AC80-8BA34E8A7F0D} = {17179877-19F3-3712-AC80-8BA34E8A7F0D}
	EndProjectSection
EndProject
Project("{8BC9CEB8-8B4A-11D0-8D11-00A0C91BC942}") = "Experimental", "Experimental.vcxproj", "{057A1E2E-A416-3A1C-BCBF-5BC07045BA7E}"
	ProjectSection(ProjectDependencies) = postProject
		{17179877-19F3-3712-AC80-8BA34E8A7F0D} = {17179877-19F3-3712-AC80-8BA34E8A7F0D}
	EndProjectSection
EndProject
Project("{8BC9CEB8-8B4A-11D0-8D11-00A0C91BC942}") = "Nightly", "Nightly.vcxproj", "{7363B9ED-F7FD-3B73-A8DF-908CF971DFA2}"
	ProjectSection(ProjectDependencies) = postProject
		{17179877-19F3-3712-AC80-8BA34E8A7F0D} = {17179877-19F3-3712-AC80-8BA34E8A7F0D}
	EndProjectSection
EndProject
Project("{8BC9CEB8-8B4A-11D0-8D11-00A0C91BC942}") = "NightlyMemoryCheck", "NightlyMemoryCheck.vcxproj", "{5E065DAC-F8E4-331A-84D9-C3635D67C810}"
	ProjectSection(ProjectDependencies) = postProject
		{17179877-19F3-3712-AC80-8BA34E8A7F0D} = {17179877-19F3-3712-AC80-8BA34E8A7F0D}
	EndProjectSection
EndProject
Project("{8BC9CEB8-8B4A-11D0-8D11-00A0C91BC942}") = "RUN_TESTS", "RUN_TESTS.vcxproj", "{166497E9-F92F-3371-976A-BFF53CB2B945}"
	ProjectSection(ProjectDependencies) = postProject
		{17179877-19F3-3712-AC80-8BA34E8A7F0D} = {17179877-19F3-3712-AC80-8BA34E8A7F0D}
	EndProjectSection
EndProject
Project("{8BC9CEB8-8B4A-11D0-8D11-00A0C91BC942}") = "ZERO_CHECK", "ZERO_CHECK.vcxproj", "{17179877-19F3-3712-AC80-8BA34E8A7F0D}"
	ProjectSection(ProjectDependencies) = postProject
	EndProjectSection
EndProject
Project("{8BC9CEB8-8B4A-11D0-8D11-00A0C91BC942}") = "calc", "calc.vcxproj", "{4D10C004-87AD-37A5-B6F5-623166011A26}"
	ProjectSection(ProjectDependencies) = postProject
		{17179877-19F3-3712-AC80-8BA34E8A7F0D} = {17179877-19F3-3712-AC80-8BA34E8A7F0D}
		{5B542EDA-AA99-35F0-A9BB-74D9BB571702} = {5B542EDA-AA99-35F0-A9BB-74D9BB571702}
	EndProjectSection
EndProject
Project("{8BC9CEB8-8B4A-11D0-8D11-00A0C91BC942}") = "maths", "maths.vcxproj", "{5B542EDA-AA99-35F0-A9BB-74D9BB571702}"
	ProjectSection(ProjectDependencies) = postProject
		{17179877-19F3-3712-AC80-8BA34E8A7F0D} = {17179877-19F3-3712-AC80-8BA34E8A7F0D}
	EndProjectSection
EndProject
Project("{8BC9CEB8-8B4A-11D0-8D11-00A0C91BC942}") = "test1", "test1.vcxproj", "{70E6686A-19D6-314F-8657-034D80B252FE}"
	ProjectSection(ProjectDependencies) = postProject
		{17179877-19F3-3712-AC80-8BA34E8A7F0D} = {17179877-19F3-3712-AC80-8BA34E8A7F0D}
		{5B542EDA-AA99-35F0-A9BB-74D9BB571702} = {5B542EDA-AA99-35F0-A9BB-74D9BB571702}
	EndProjectSection
EndProject
Global
	GlobalSection(SolutionConfigurationPlatforms) = preSolution
		Debug|x64 = Debug|x64
		Release|x64 = Release|x64
		MinSizeRel|x64 = MinSizeRel|x64
		RelWithDebInfo|x64 = RelWithDebInfo|x64
	EndGlobalSection
	GlobalSection(ProjectConfigurationPlatforms) = postSolution
		{A549404A-9FC1-3D7E-ABED-7228549A19C8}.Debug|x64.ActiveCfg = Debug|x64
		{A549404A-9FC1-3D7E-ABED-7228549A19C8}.Release|x64.ActiveCfg = Release|x64
		{A549404A-9FC1-3D7E-ABED-7228549A19C8}.MinSizeRel|x64.ActiveCfg = MinSizeRel|x64
		{A549404A-9FC1-3D7E-ABED-7228549A19C8}.RelWithDebInfo|x64.ActiveCfg = RelWithDebInfo|x64
		{FF2ECB42-FCE4-3C2C-8457-BFA2AF87527A}.Debug|x64.ActiveCfg = Debug|x64
		{FF2ECB42-FCE4-3C2C-8457-BFA2AF87527A}.Release|x64.ActiveCfg = Release|x64
		{FF2ECB42-FCE4-3C2C-8457-BFA2AF87527A}.MinSizeRel|x64.ActiveCfg = MinSizeRel|x64
		{FF2ECB42-FCE4-3C2C-8457-BFA2AF87527A}.RelWithDebInfo|x64.ActiveCfg = RelWithDebInfo|x64
		{057A1E2E-A416-3A1C-BCBF-5BC07045BA7E}.Debug|x64.ActiveCfg = Debug|x64
		{057A1E2E-A416-3A1C-BCBF-5BC07045BA7E}.Release|x64.ActiveCfg = Release|x64
		{057A1E2E-A416-3A1C-BCBF-5BC07045BA7E}.MinSizeRel|x64.ActiveCfg = MinSizeRel|x64
		{057A1E2E-A416-3A1C-BCBF-5BC07045BA7E}.RelWithDebInfo|x64.ActiveCfg = RelWithDebInfo|x64
		{7363B9ED-F7FD-3B73-A8DF-908CF971DFA2}.Debug|x64.ActiveCfg = Debug|x64
		{7363B9ED-F7FD-3B73-A8DF-908CF971DFA2}.Release|x64.ActiveCfg = Release|x64
		{7363B9ED-F7FD-3B73-A8DF-908CF971DFA2}.MinSizeRel|x64.ActiveCfg = MinSizeRel|x64
		{7363B9ED-F7FD-3B73-A8DF-908CF971DFA2}.RelWithDebInfo|x64.ActiveCfg = RelWithDebInfo|x64
		{5E065DAC-F8E4-331A-84D9-C3635D67C810}.Debug|x64.ActiveCfg = Debug|x64
		{5E065DAC-F8E4-331A-84D9-C3635D67C810}.Release|x64.ActiveCfg = Release|x64
		{5E065DAC-F8E4-331A-84D9-C3635D67C810}.MinSizeRel|x64.ActiveCfg = MinSizeRel|x64
		{5E065DAC-F8E4-331A-84D9-C3635D67C810}.RelWithDebInfo|x64.ActiveCfg = RelWithDebInfo|x64
		{166497E9-F92F-3371-976A-BFF53CB2B945}.Debug|x64.ActiveCfg = Debug|x64
		{166497E9-F92F-3371-976A-BFF53CB2B945}.Release|x64.ActiveCfg = Release|x64
		{166497E9-F92F-3371-976A-BFF53CB2B945}.MinSizeRel|x64.ActiveCfg = MinSizeRel|x64
		{166497E9-F92F-3371-976A-BFF53CB2B945}.RelWithDebInfo|x64.ActiveCfg = RelWithDebInfo|x64
		{17179877-19F3-3712-AC80-8BA34E8A7F0D}.Debug|x64.ActiveCfg = Debug|x64
		{17179877-19F3-3712-AC80-8BA34E8A7F0D}.Debug|x64.Build.0 = Debug|x64
		{17179877-19F3-3712-AC80-8BA34E8A7F0D}.Release|x64.ActiveCfg = Release|x64
		{17179877-19F3-3712-AC80-8BA34E8A7F0D}.Release|x64.Build.0 = Release|x64
		{17179877-19F3-3712-AC80-8BA34E8A7F0D}.MinSizeRel|x64.ActiveCfg = MinSizeRel|x64
		{17179877-19F3-3712-AC80-8BA34E8A7F0D}.MinSizeRel|x64.Build.0 = MinSizeRel|x64
		{17179877-19F3-3712-AC80-8BA34E8A7F0D}.RelWithDebInfo|x64.ActiveCfg = RelWithDebInfo|x64
		{17179877-19F3-3712-AC80-8BA34E8A7F0D}.RelWithDebInfo|x64.Build.0 = RelWithDebInfo|x64
		{4D10C004-87AD-37A5-B6F5-623166011A26}.Debug|x64.ActiveCfg = Debug|x64
		{4D10C004-87AD-37A5-B6F5-623166011A26}.Debug|x64.Build.0 = Debug|x64
		{4D10C004-87AD-37A5-B6F5-623166011A26}.Release|x64.ActiveCfg = Release|x64
		{4D10C004-87AD-37A5-B6F5-623166011A26}.Release|x64.Build.0 = Release|x64
		{4D10C004-87AD-37A5-B6F5-623166011A26}.MinSizeRel|x64.ActiveCfg = MinSizeRel|x64
		{4D10C004-87AD-37A5-B6F5-623166011A26}.MinSizeRel|x64.Build.0 = MinSizeRel|x64
		{4D10C004-87AD-37A5-B6F5-623166011A26}.RelWithDebInfo|x64.ActiveCfg = RelWithDebInfo|x64
		{4D10C004-87AD-37A5-B6F5-623166011A26}.RelWithDebInfo|x64.Build.0 = RelWithDebInfo|x64
		{5B542EDA-AA99-35F0-A9BB-74D9BB571702}.Debug|x64.ActiveCfg = Debug|x64
		{5B542EDA-AA99-35F0-A9BB-74D9BB571702}.Debug|x64.Build.0 = Debug|x64
		{5B542EDA-AA99-35F0-A9BB-74D9BB571702}.Release|x64.ActiveCfg = Release|x64
		{5B542EDA-AA99-35F0-A9BB-74D9BB571702}.Release|x64.Build.0 = Release|x64
		{5B542EDA-AA99-35F0-A9BB-74D9BB571702}.MinSizeRel|x64.ActiveCfg = MinSizeRel|x64
		{5B542EDA-AA99-35F0-A9BB-74D9BB571702}.MinSizeRel|x64.Build.0 = MinSizeRel|x64
		{5B542EDA-AA99-35F0-A9BB-74D9BB571702}.RelWithDebInfo|x64.ActiveCfg = RelWithDebInfo|x64
		{5B542EDA-AA99-35F0-A9BB-74D9BB571702}.RelWithDebInfo|x64.Build.0 = RelWithDebInfo|x64
		{70E6686A-19D6-314F-8657-034D80B252FE}.Debug|x64.ActiveCfg = Debug|x64
		{70E6686A-19D6-314F-8657-034D80B252FE}.Debug|x64.Build.0 = Debug|x64
		{70E6686A-19D6-314F-8657-034D80B252FE}.Release|x64.ActiveCfg = Release|x64
		{70E6686A-19D6-314F-8657-034D80B252FE}.Release|x64.Build.0 = Release|x64
		{70E6686A-19D6-314F-8657-034D80B252FE}.MinSizeRel|x64.ActiveCfg = MinSizeRel|x64
		{70E6686A-19D6-314F-8657-034D80B252FE}.MinSizeRel|x64.Build.0 = MinSizeRel|x64
		{70E6686A-19D6-314F-8657-034D80B252FE}.RelWithDebInfo|x64.ActiveCfg = RelWithDebInfo|x64
		{70E6686A-19D6-314F-8657-034D80B252FE}.RelWithDebInfo|x64.Build.0 = RelWithDebInfo|x64
	EndGlobalSection
	GlobalSection(ExtensibilityGlobals) = postSolution
		SolutionGuid = {852D614A-C934-377F-A299-BFC0EFE0335E}
	EndGlobalSection
	GlobalSection(ExtensibilityAddIns) = postSolution
	EndGlobalSection
EndGlobal
