<?xml version="1.0" encoding="utf-8"?>
<Project ToolsVersion="16.0" xmlns="http://schemas.microsoft.com/developer/msbuild/2003">
  <ItemGroup>
    <ClCompile Include="C:\Users\georg\Desktop\Git Repository\Git-Repository\Worksheet 4\hello_cmake\build2\hello.cpp">
      <Filter>Source Files</Filter>
    </ClCompile>
  </ItemGroup>
  <ItemGroup>
    <CustomBuild Include="C:\Users\georg\Desktop\Git Repository\Git-Repository\Worksheet 4\hello_cmake\CMakeLists.txt" />
  </ItemGroup>
  <ItemGroup>
    <Filter Include="Source Files">
      <UniqueIdentifier>{66980BF8-FD41-3184-A4EC-17DF73670296}</UniqueIdentifier>
    </Filter>
  </ItemGroup>
</Project>
